
Microsoft Visual Studio Solution File, Format Version 12.00
# Visual Studio Version 17
VisualStudioVersion = 17.4.33103.184
MinimumVisualStudioVersion = 10.0.40219.1
Project("{FAE04EC0-301F-11D3-BF4B-00C04F79EFBC}") = "ChatService", "ChatService\ChatService.csproj", "{836B84A6-B1F3-40EF-A1EF-36C663998983}"
EndProject
Global
	GlobalSection(SolutionConfigurationPlatforms) = preSolution
		Debug|Any CPU = Debug|Any CPU
		Release|Any CPU = Release|Any CPU
	EndGlobalSection
	GlobalSection(ProjectConfigurationPlatforms) = postSolution
		{836B84A6-B1F3-40EF-A1EF-36C663998983}.Debug|Any CPU.ActiveCfg = Debug|Any CPU
		{836B84A6-B1F3-40EF-A1EF-36C663998983}.Debug|Any CPU.Build.0 = Debug|Any CPU
		{836B84A6-B1F3-40EF-A1EF-36C663998983}.Release|Any CPU.ActiveCfg = Release|Any CPU
		{836B84A6-B1F3-40EF-A1EF-36C663998983}.Release|Any CPU.Build.0 = Release|Any CPU
	EndGlobalSection
	GlobalSection(SolutionProperties) = preSolution
		HideSolutionNode = FALSE
	EndGlobalSection
	GlobalSection(ExtensibilityGlobals) = postSolution
		SolutionGuid = {7B3D7080-303E-442B-BBD4-35313E601461}
	EndGlobalSection
EndGlobal
